
Microsoft Visual Studio Solution File, Format Version 12.00
# Visual Studio Version 17
VisualStudioVersion = 17.2.32630.192
MinimumVisualStudioVersion = 10.0.40219.1
Project("{FAE04EC0-301F-11D3-BF4B-00C04F79EFBC}") = "Kanye_And_Ron", "Kanye_And_Ron\Kanye_And_Ron.csproj", "{D84808ED-07A3-4433-BB10-A3475FB4A509}"
EndProject
Global
	GlobalSection(SolutionConfigurationPlatforms) = preSolution
		Debug|Any CPU = Debug|Any CPU
		Release|Any CPU = Release|Any CPU
	EndGlobalSection
	GlobalSection(ProjectConfigurationPlatforms) = postSolution
		{D84808ED-07A3-4433-BB10-A3475FB4A509}.Debug|Any CPU.ActiveCfg = Debug|Any CPU
		{D84808ED-07A3-4433-BB10-A3475FB4A509}.Debug|Any CPU.Build.0 = Debug|Any CPU
		{D84808ED-07A3-4433-BB10-A3475FB4A509}.Release|Any CPU.ActiveCfg = Release|Any CPU
		{D84808ED-07A3-4433-BB10-A3475FB4A509}.Release|Any CPU.Build.0 = Release|Any CPU
	EndGlobalSection
	GlobalSection(SolutionProperties) = preSolution
		HideSolutionNode = FALSE
	EndGlobalSection
	GlobalSection(ExtensibilityGlobals) = postSolution
		SolutionGuid = {0AE355C5-C27D-4F59-BE33-AD0DEFA76ED8}
	EndGlobalSection
EndGlobal
